// !$*UTF8*$!
{
	archiveVersion = 1;
	classes = {
	};
	objectVersion = 46;
	objects = {

/* Begin PBXBuildFile section */
		209B2E671D3A51DB006F87D5 /* digits.txt in Resources */ = {isa = PBXBuildFile; fileRef = 209B2E661D3A51DB006F87D5 /* digits.txt */; };
		209B2E691D3A5AA0006F87D5 /* DigitGenerator.swift in Sources */ = {isa = PBXBuildFile; fileRef = 209B2E681D3A5AA0006F87D5 /* DigitGenerator.swift */; };
		209B2E6B1D3A5AB3006F87D5 /* Segment.swift in Sources */ = {isa = PBXBuildFile; fileRef = 209B2E6A1D3A5AB3006F87D5 /* Segment.swift */; };
		209B2E6D1D3A5AE8006F87D5 /* Extensions.swift in Sources */ = {isa = PBXBuildFile; fileRef = 209B2E6C1D3A5AE8006F87D5 /* Extensions.swift */; };
		209B2E6F1D3A6DA1006F87D5 /* Pi.swift in Sources */ = {isa = PBXBuildFile; fileRef = 209B2E6E1D3A6DA1006F87D5 /* Pi.swift */; };
		20D327801D1B1C2D00AA0248 /* AppDelegate.swift in Sources */ = {isa = PBXBuildFile; fileRef = 20D3277F1D1B1C2D00AA0248 /* AppDelegate.swift */; };
		20D327821D1B1C2D00AA0248 /* ViewController.swift in Sources */ = {isa = PBXBuildFile; fileRef = 20D327811D1B1C2D00AA0248 /* ViewController.swift */; };
		20D327851D1B1C2D00AA0248 /* Main.storyboard in Resources */ = {isa = PBXBuildFile; fileRef = 20D327831D1B1C2D00AA0248 /* Main.storyboard */; };
		20D327871D1B1C2D00AA0248 /* Assets.xcassets in Resources */ = {isa = PBXBuildFile; fileRef = 20D327861D1B1C2D00AA0248 /* Assets.xcassets */; };
		20D3278A1D1B1C2D00AA0248 /* LaunchScreen.storyboard in Resources */ = {isa = PBXBuildFile; fileRef = 20D327881D1B1C2D00AA0248 /* LaunchScreen.storyboard */; };
/* End PBXBuildFile section */

/* Begin PBXFileReference section */
		209B2E661D3A51DB006F87D5 /* digits.txt */ = {isa = PBXFileReference; fileEncoding = 4; lastKnownFileType = text; path = digits.txt; sourceTree = "<group>"; };
		209B2E681D3A5AA0006F87D5 /* DigitGenerator.swift */ = {isa = PBXFileReference; fileEncoding = 4; lastKnownFileType = sourcecode.swift; path = DigitGenerator.swift; sourceTree = "<group>"; };
		209B2E6A1D3A5AB3006F87D5 /* Segment.swift */ = {isa = PBXFileReference; fileEncoding = 4; lastKnownFileType = sourcecode.swift; path = Segment.swift; sourceTree = "<group>"; };
		209B2E6C1D3A5AE8006F87D5 /* Extensions.swift */ = {isa = PBXFileReference; fileEncoding = 4; lastKnownFileType = sourcecode.swift; path = Extensions.swift; sourceTree = "<group>"; };
		209B2E6E1D3A6DA1006F87D5 /* Pi.swift */ = {isa = PBXFileReference; fileEncoding = 4; lastKnownFileType = sourcecode.swift; path = Pi.swift; sourceTree = "<group>"; };
		20D3277C1D1B1C2D00AA0248 /* pi.app */ = {isa = PBXFileReference; explicitFileType = wrapper.application; includeInIndex = 0; path = pi.app; sourceTree = BUILT_PRODUCTS_DIR; };
		20D3277F1D1B1C2D00AA0248 /* AppDelegate.swift */ = {isa = PBXFileReference; lastKnownFileType = sourcecode.swift; path = AppDelegate.swift; sourceTree = "<group>"; };
		20D327811D1B1C2D00AA0248 /* ViewController.swift */ = {isa = PBXFileReference; lastKnownFileType = sourcecode.swift; path = ViewController.swift; sourceTree = "<group>"; };
		20D327841D1B1C2D00AA0248 /* Base */ = {isa = PBXFileReference; lastKnownFileType = file.storyboard; name = Base; path = Base.lproj/Main.storyboard; sourceTree = "<group>"; };
		20D327861D1B1C2D00AA0248 /* Assets.xcassets */ = {isa = PBXFileReference; lastKnownFileType = folder.assetcatalog; path = Assets.xcassets; sourceTree = "<group>"; };
		20D327891D1B1C2D00AA0248 /* Base */ = {isa = PBXFileReference; lastKnownFileType = file.storyboard; name = Base; path = Base.lproj/LaunchScreen.storyboard; sourceTree = "<group>"; };
		20D3278B1D1B1C2D00AA0248 /* Info.plist */ = {isa = PBXFileReference; lastKnownFileType = text.plist.xml; path = Info.plist; sourceTree = "<group>"; };
/* End PBXFileReference section */

/* Begin PBXFrameworksBuildPhase section */
		20D327791D1B1C2D00AA0248 /* Frameworks */ = {
			isa = PBXFrameworksBuildPhase;
			buildActionMask = 2147483647;
			files = (
			);
			runOnlyForDeploymentPostprocessing = 0;
		};
/* End PBXFrameworksBuildPhase section */

/* Begin PBXGroup section */
		20D327731D1B1C2D00AA0248 = {
			isa = PBXGroup;
			children = (
				20D3277E1D1B1C2D00AA0248 /* pi */,
				20D3277D1D1B1C2D00AA0248 /* Products */,
			);
			sourceTree = "<group>";
		};
		20D3277D1D1B1C2D00AA0248 /* Products */ = {
			isa = PBXGroup;
			children = (
				20D3277C1D1B1C2D00AA0248 /* pi.app */,
			);
			name = Products;
			sourceTree = "<group>";
		};
		20D3277E1D1B1C2D00AA0248 /* pi */ = {
			isa = PBXGroup;
			children = (
				20D3277F1D1B1C2D00AA0248 /* AppDelegate.swift */,
				20D327811D1B1C2D00AA0248 /* ViewController.swift */,
				20D327831D1B1C2D00AA0248 /* Main.storyboard */,
				20D327861D1B1C2D00AA0248 /* Assets.xcassets */,
				20D327881D1B1C2D00AA0248 /* LaunchScreen.storyboard */,
				20D3278B1D1B1C2D00AA0248 /* Info.plist */,
				209B2E661D3A51DB006F87D5 /* digits.txt */,
				209B2E681D3A5AA0006F87D5 /* DigitGenerator.swift */,
				209B2E6A1D3A5AB3006F87D5 /* Segment.swift */,
				209B2E6C1D3A5AE8006F87D5 /* Extensions.swift */,
				209B2E6E1D3A6DA1006F87D5 /* Pi.swift */,
			);
			path = pi;
			sourceTree = "<group>";
		};
/* End PBXGroup section */

/* Begin PBXNativeTarget section */
		20D3277B1D1B1C2D00AA0248 /* pi */ = {
			isa = PBXNativeTarget;
			buildConfigurationList = 20D3278E1D1B1C2D00AA0248 /* Build configuration list for PBXNativeTarget "pi" */;
			buildPhases = (
				20D327781D1B1C2D00AA0248 /* Sources */,
				20D327791D1B1C2D00AA0248 /* Frameworks */,
				20D3277A1D1B1C2D00AA0248 /* Resources */,
			);
			buildRules = (
			);
			dependencies = (
			);
			name = pi;
			productName = pi;
			productReference = 20D3277C1D1B1C2D00AA0248 /* pi.app */;
			productType = "com.apple.product-type.application";
		};
/* End PBXNativeTarget section */

/* Begin PBXProject section */
		20D327741D1B1C2D00AA0248 /* Project object */ = {
			isa = PBXProject;
			attributes = {
				LastSwiftUpdateCheck = 0730;
				LastUpgradeCheck = 0730;
				ORGANIZATIONNAME = Ellebellebi;
				TargetAttributes = {
					20D3277B1D1B1C2D00AA0248 = {
						CreatedOnToolsVersion = 7.3.1;
					};
				};
			};
			buildConfigurationList = 20D327771D1B1C2D00AA0248 /* Build configuration list for PBXProject "pi" */;
			compatibilityVersion = "Xcode 3.2";
			developmentRegion = English;
			hasScannedForEncodings = 0;
			knownRegions = (
				en,
				Base,
			);
			mainGroup = 20D327731D1B1C2D00AA0248;
			productRefGroup = 20D3277D1D1B1C2D00AA0248 /* Products */;
			projectDirPath = "";
			projectRoot = "";
			targets = (
				20D3277B1D1B1C2D00AA0248 /* pi */,
			);
		};
/* End PBXProject section */

/* Begin PBXResourcesBuildPhase section */
		20D3277A1D1B1C2D00AA0248 /* Resources */ = {
			isa = PBXResourcesBuildPhase;
			buildActionMask = 2147483647;
			files = (
				209B2E671D3A51DB006F87D5 /* digits.txt in Resources */,
				20D3278A1D1B1C2D00AA0248 /* LaunchScreen.storyboard in Resources */,
				20D327871D1B1C2D00AA0248 /* Assets.xcassets in Resources */,
				20D327851D1B1C2D00AA0248 /* Main.storyboard in Resources */,
			);
			runOnlyForDeploymentPostprocessing = 0;
		};
/* End PBXResourcesBuildPhase section */

/* Begin PBXSourcesBuildPhase section */
		20D327781D1B1C2D00AA0248 /* Sources */ = {
			isa = PBXSourcesBuildPhase;
			buildActionMask = 2147483647;
			files = (
				209B2E6D1D3A5AE8006F87D5 /* Extensions.swift in Sources */,
				20D327821D1B1C2D00AA0248 /* ViewController.swift in Sources */,
				209B2E6F1D3A6DA1006F87D5 /* Pi.swift in Sources */,
				20D327801D1B1C2D00AA0248 /* AppDelegate.swift in Sources */,
				209B2E691D3A5AA0006F87D5 /* DigitGenerator.swift in Sources */,
				209B2E6B1D3A5AB3006F87D5 /* Segment.swift in Sources */,
			);
			runOnlyForDeploymentPostprocessing = 0;
		};
/* End PBXSourcesBuildPhase section */

/* Begin PBXVariantGroup section */
		20D327831D1B1C2D00AA0248 /* Main.storyboard */ = {
			isa = PBXVariantGroup;
			children = (
				20D327841D1B1C2D00AA0248 /* Base */,
			);
			name = Main.storyboard;
			sourceTree = "<group>";
		};
		20D327881D1B1C2D00AA0248 /* LaunchScreen.storyboard */ = {
			isa = PBXVariantGroup;
			children = (
				20D327891D1B1C2D00AA0248 /* Base */,
			);
			name = LaunchScreen.storyboard;
			sourceTree = "<group>";
		};
/* End PBXVariantGroup section */

/* Begin XCBuildConfiguration section */
		20D3278C1D1B1C2D00AA0248 /* Debug */ = {
			isa = XCBuildConfiguration;
			buildSettings = {
				ALWAYS_SEARCH_USER_PATHS = NO;
				CLANG_ANALYZER_NONNULL = YES;
				CLANG_CXX_LANGUAGE_STANDARD = "gnu++0x";
				CLANG_CXX_LIBRARY = "libc++";
				CLANG_ENABLE_MODULES = YES;
				CLANG_ENABLE_OBJC_ARC = YES;
				CLANG_WARN_BOOL_CONVERSION = YES;
				CLANG_WARN_CONSTANT_CONVERSION = YES;
				CLANG_WARN_DIRECT_OBJC_ISA_USAGE = YES_ERROR;
				CLANG_WARN_EMPTY_BODY = YES;
				CLANG_WARN_ENUM_CONVERSION = YES;
				CLANG_WARN_INT_CONVERSION = YES;
				CLANG_WARN_OBJC_ROOT_CLASS = YES_ERROR;
				CLANG_WARN_UNREACHABLE_CODE = YES;
				CLANG_WARN__DUPLICATE_METHOD_MATCH = YES;
				"CODE_SIGN_IDENTITY[sdk=iphoneos*]" = "iPhone Developer";
				COPY_PHASE_STRIP = NO;
				DEBUG_INFORMATION_FORMAT = dwarf;
				ENABLE_STRICT_OBJC_MSGSEND = YES;
				ENABLE_TESTABILITY = YES;
				GCC_C_LANGUAGE_STANDARD = gnu99;
				GCC_DYNAMIC_NO_PIC = NO;
				GCC_NO_COMMON_BLOCKS = YES;
				GCC_OPTIMIZATION_LEVEL = 0;
				GCC_PREPROCESSOR_DEFINITIONS = (
					"DEBUG=1",
					"$(inherited)",
				);
				GCC_WARN_64_TO_32_BIT_CONVERSION = YES;
				GCC_WARN_ABOUT_RETURN_TYPE = YES_ERROR;
				GCC_WARN_UNDECLARED_SELECTOR = YES;
				GCC_WARN_UNINITIALIZED_AUTOS = YES_AGGRESSIVE;
				GCC_WARN_UNUSED_FUNCTION = YES;
				GCC_WARN_UNUSED_VARIABLE = YES;
				IPHONEOS_DEPLOYMENT_TARGET = 9.3;
				MTL_ENABLE_DEBUG_INFO = YES;
				ONLY_ACTIVE_ARCH = YES;
				SDKROOT = iphoneos;
				SWIFT_OPTIMIZATION_LEVEL = "-Onone";
			};
			name = Debug;
		};
		20D3278D1D1B1C2D00AA0248 /* Release */ = {
			isa = XCBuildConfiguration;
			buildSettings = {
				ALWAYS_SEARCH_USER_PATHS = NO;
				CLANG_ANALYZER_NONNULL = YES;
				CLANG_CXX_LANGUAGE_STANDARD = "gnu++0x";
				CLANG_CXX_LIBRARY = "libc++";
				CLANG_ENABLE_MODULES = YES;
				CLANG_ENABLE_OBJC_ARC = YES;
				CLANG_WARN_BOOL_CONVERSION = YES;
				CLANG_WARN_CONSTANT_CONVERSION = YES;
				CLANG_WARN_DIRECT_OBJC_ISA_USAGE = YES_ERROR;
				CLANG_WARN_EMPTY_BODY = YES;
				CLANG_WARN_ENUM_CONVERSION = YES;
				CLANG_WARN_INT_CONVERSION = YES;
				CLANG_WARN_OBJC_ROOT_CLASS = YES_ERROR;
				CLANG_WARN_UNREACHABLE_CODE = YES;
				CLANG_WARN__DUPLICATE_METHOD_MATCH = YES;
				"CODE_SIGN_IDENTITY[sdk=iphoneos*]" = "iPhone Developer";
				COPY_PHASE_STRIP = NO;
				DEBUG_INFORMATION_FORMAT = "dwarf-with-dsym";
				ENABLE_NS_ASSERTIONS = NO;
				ENABLE_STRICT_OBJC_MSGSEND = YES;
				GCC_C_LANGUAGE_STANDARD = gnu99;
				GCC_NO_COMMON_BLOCKS = YES;
				GCC_WARN_64_TO_32_BIT_CONVERSION = YES;
				GCC_WARN_ABOUT_RETURN_TYPE = YES_ERROR;
				GCC_WARN_UNDECLARED_SELECTOR = YES;
				GCC_WARN_UNINITIALIZED_AUTOS = YES_AGGRESSIVE;
				GCC_WARN_UNUSED_FUNCTION = YES;
				GCC_WARN_UNUSED_VARIABLE = YES;
				IPHONEOS_DEPLOYMENT_TARGET = 9.3;
				MTL_ENABLE_DEBUG_INFO = NO;
				SDKROOT = iphoneos;
				VALIDATE_PRODUCT = YES;
			};
			name = Release;
		};
		20D3278F1D1B1C2D00AA0248 /* Debug */ = {
			isa = XCBuildConfiguration;
			buildSettings = {
				ASSETCATALOG_COMPILER_APPICON_NAME = AppIcon;
				INFOPLIST_FILE = pi/Info.plist;
				LD_RUNPATH_SEARCH_PATHS = "$(inherited) @executable_path/Frameworks";
				PRODUCT_BUNDLE_IDENTIFIER = com.ellebellebi.pi;
				PRODUCT_NAME = "$(TARGET_NAME)";
				SWIFT_VERSION = 2.3;
			};
			name = Debug;
		};
		20D327901D1B1C2D00AA0248 /* Release */ = {
			isa = XCBuildConfiguration;
			buildSettings = {
				ASSETCATALOG_COMPILER_APPICON_NAME = AppIcon;
				INFOPLIST_FILE = pi/Info.plist;
				LD_RUNPATH_SEARCH_PATHS = "$(inherited) @executable_path/Frameworks";
				PRODUCT_BUNDLE_IDENTIFIER = com.ellebellebi.pi;
				PRODUCT_NAME = "$(TARGET_NAME)";
				SWIFT_VERSION = 2.3;
			};
			name = Release;
		};
/* End XCBuildConfiguration section */

/* Begin XCConfigurationList section */
		20D327771D1B1C2D00AA0248 /* Build configuration list for PBXProject "pi" */ = {
			isa = XCConfigurationList;
			buildConfigurations = (
				20D3278C1D1B1C2D00AA0248 /* Debug */,
				20D3278D1D1B1C2D00AA0248 /* Release */,
			);
			defaultConfigurationIsVisible = 0;
			defaultConfigurationName = Release;
		};
		20D3278E1D1B1C2D00AA0248 /* Build configuration list for PBXNativeTarget "pi" */ = {
			isa = XCConfigurationList;
			buildConfigurations = (
				20D3278F1D1B1C2D00AA0248 /* Debug */,
				20D327901D1B1C2D00AA0248 /* Release */,
			);
			defaultConfigurationIsVisible = 0;
			defaultConfigurationName = Release;
		};
/* End XCConfigurationList section */
	};
	rootObject = 20D327741D1B1C2D00AA0248 /* Project object */;
}
